
Microsoft Visual Studio Solution File, Format Version 12.00
# Visual Studio Version 17
VisualStudioVersion = 17.11.35303.130
MinimumVisualStudioVersion = 10.0.40219.1
Project("{FAE04EC0-301F-11D3-BF4B-00C04F79EFBC}") = "C_project_Mastermind_NielBeynaerts", "C_project_Mastermind_NielBeynaerts.csproj", "{66D629EE-77B2-4E37-89F5-FD0CC6562933}"
EndProject
Global
	GlobalSection(SolutionConfigurationPlatforms) = preSolution
		Debug|Any CPU = Debug|Any CPU
		Release|Any CPU = Release|Any CPU
	EndGlobalSection
	GlobalSection(ProjectConfigurationPlatforms) = postSolution
		{66D629EE-77B2-4E37-89F5-FD0CC6562933}.Debug|Any CPU.ActiveCfg = Debug|Any CPU
		{66D629EE-77B2-4E37-89F5-FD0CC6562933}.Debug|Any CPU.Build.0 = Debug|Any CPU
		{66D629EE-77B2-4E37-89F5-FD0CC6562933}.Release|Any CPU.ActiveCfg = Release|Any CPU
		{66D629EE-77B2-4E37-89F5-FD0CC6562933}.Release|Any CPU.Build.0 = Release|Any CPU
	EndGlobalSection
	GlobalSection(SolutionProperties) = preSolution
		HideSolutionNode = FALSE
	EndGlobalSection
	GlobalSection(ExtensibilityGlobals) = postSolution
		SolutionGuid = {BD54AF2C-1B3C-4917-8D81-35FB9483C525}
	EndGlobalSection
EndGlobal
